
Microsoft Visual Studio Solution File, Format Version 11.00
# Visual C++ Express 2010
Project("{8BC9CEB8-8B4A-11D0-8D11-00A0C91BC942}") = "Server_for_chat", "Server_for_chat\Server_for_chat.vcxproj", "{9A242C9B-40F7-4BE4-8E1F-BF89C9817B06}"
EndProject
Global
	GlobalSection(SolutionConfigurationPlatforms) = preSolution
		Debug|Win32 = Debug|Win32
		Release|Win32 = Release|Win32
	EndGlobalSection
	GlobalSection(ProjectConfigurationPlatforms) = postSolution
		{9A242C9B-40F7-4BE4-8E1F-BF89C9817B06}.Debug|Win32.ActiveCfg = Debug|Win32
		{9A242C9B-40F7-4BE4-8E1F-BF89C9817B06}.Debug|Win32.Build.0 = Debug|Win32
		{9A242C9B-40F7-4BE4-8E1F-BF89C9817B06}.Release|Win32.ActiveCfg = Release|Win32
		{9A242C9B-40F7-4BE4-8E1F-BF89C9817B06}.Release|Win32.Build.0 = Release|Win32
	EndGlobalSection
	GlobalSection(SolutionProperties) = preSolution
		HideSolutionNode = FALSE
	EndGlobalSection
EndGlobal
